
Microsoft Visual Studio Solution File, Format Version 12.00
# Visual Studio Version 17
VisualStudioVersion = 17.8.34330.188
MinimumVisualStudioVersion = 10.0.40219.1
Project("{FAE04EC0-301F-11D3-BF4B-00C04F79EFBC}") = "IndestructibleComponents", "IndestructibleComponents.csproj", "{B8494FD9-58F9-49D9-9EC2-E228D3F379A9}"
EndProject
Global
	GlobalSection(SolutionConfigurationPlatforms) = preSolution
		Debug|Any CPU = Debug|Any CPU
		Release|Any CPU = Release|Any CPU
	EndGlobalSection
	GlobalSection(ProjectConfigurationPlatforms) = postSolution
		{B8494FD9-58F9-49D9-9EC2-E228D3F379A9}.Debug|Any CPU.ActiveCfg = Debug|Any CPU
		{B8494FD9-58F9-49D9-9EC2-E228D3F379A9}.Debug|Any CPU.Build.0 = Debug|Any CPU
		{B8494FD9-58F9-49D9-9EC2-E228D3F379A9}.Release|Any CPU.ActiveCfg = Release|Any CPU
		{B8494FD9-58F9-49D9-9EC2-E228D3F379A9}.Release|Any CPU.Build.0 = Release|Any CPU
	EndGlobalSection
	GlobalSection(SolutionProperties) = preSolution
		HideSolutionNode = FALSE
	EndGlobalSection
	GlobalSection(ExtensibilityGlobals) = postSolution
		SolutionGuid = {5BEBED7D-FDA2-4A1E-8BC2-E1EA1781B962}
	EndGlobalSection
EndGlobal
